
Microsoft Visual Studio Solution File, Format Version 12.00
# Visual Studio 15
VisualStudioVersion = 15.0.26228.4
MinimumVisualStudioVersion = 10.0.40219.1
Project("{FAE04EC0-301F-11D3-BF4B-00C04F79EFBC}") = "Top2000", "Top2000\Top2000.csproj", "{7DE1B62B-2E21-4640-8662-823FB8A979D0}"
EndProject
Project("{FAE04EC0-301F-11D3-BF4B-00C04F79EFBC}") = "BusinessLayer", "BusinessLayer\BusinessLayer.csproj", "{92221468-9ECB-4804-848C-57A7414FB384}"
EndProject
Project("{FAE04EC0-301F-11D3-BF4B-00C04F79EFBC}") = "DataLayer", "DataLayer\DataLayer.csproj", "{B972317B-B07D-4B33-BF60-414DF1EA8165}"
EndProject
Global
	GlobalSection(SolutionConfigurationPlatforms) = preSolution
		Debug|Any CPU = Debug|Any CPU
		Release|Any CPU = Release|Any CPU
	EndGlobalSection
	GlobalSection(ProjectConfigurationPlatforms) = postSolution
		{7DE1B62B-2E21-4640-8662-823FB8A979D0}.Debug|Any CPU.ActiveCfg = Debug|Any CPU
		{7DE1B62B-2E21-4640-8662-823FB8A979D0}.Debug|Any CPU.Build.0 = Debug|Any CPU
		{7DE1B62B-2E21-4640-8662-823FB8A979D0}.Release|Any CPU.ActiveCfg = Release|Any CPU
		{7DE1B62B-2E21-4640-8662-823FB8A979D0}.Release|Any CPU.Build.0 = Release|Any CPU
		{92221468-9ECB-4804-848C-57A7414FB384}.Debug|Any CPU.ActiveCfg = Debug|Any CPU
		{92221468-9ECB-4804-848C-57A7414FB384}.Debug|Any CPU.Build.0 = Debug|Any CPU
		{92221468-9ECB-4804-848C-57A7414FB384}.Release|Any CPU.ActiveCfg = Release|Any CPU
		{92221468-9ECB-4804-848C-57A7414FB384}.Release|Any CPU.Build.0 = Release|Any CPU
		{B972317B-B07D-4B33-BF60-414DF1EA8165}.Debug|Any CPU.ActiveCfg = Debug|Any CPU
		{B972317B-B07D-4B33-BF60-414DF1EA8165}.Debug|Any CPU.Build.0 = Debug|Any CPU
		{B972317B-B07D-4B33-BF60-414DF1EA8165}.Release|Any CPU.ActiveCfg = Release|Any CPU
		{B972317B-B07D-4B33-BF60-414DF1EA8165}.Release|Any CPU.Build.0 = Release|Any CPU
	EndGlobalSection
	GlobalSection(SolutionProperties) = preSolution
		HideSolutionNode = FALSE
	EndGlobalSection
EndGlobal
